// !$*UTF8*$!
{
	archiveVersion = 1;
	classes = {
	};
	objectVersion = 77;
	objects = {

/* Begin PBXBuildFile section */
		D355131EF36BF919D8AD9A03 /* LumiDomain in Frameworks */ = {isa = PBXBuildFile; productRef = 33971DE69E87272953A4E74E /* LumiDomain */; };
		B23D9A1CE4F047F3B67B1A01 /* LumiApplication in Frameworks */ = {isa = PBXBuildFile; productRef = 9FD1A4E2C93B4C7EA5B6D802 /* LumiApplication */; };
		DC6BC1312254425B863AD503 /* LumiPresentation in Frameworks */ = {isa = PBXBuildFile; productRef = CC45E634027F16005E357178 /* LumiPresentation */; };
		E47B6A2FD8C84F1A9C02E503 /* LumiInfrastructure in Frameworks */ = {isa = PBXBuildFile; productRef = 6A3F8C1D4E5B4790B2C7D604 /* LumiInfrastructure */; };
		A4569A74F03F70DCCBE42FB8 /* LumiUI in Frameworks */ = {isa = PBXBuildFile; productRef = 1B2A9C8B8430A4A68E2E31A2 /* LumiUI */; };
/* End PBXBuildFile section */

/* Begin PBXFileReference section */
		2FCFB5F3A8CE804B4FA0CE6E /* LumiApp.app */ = {isa = PBXFileReference; explicitFileType = wrapper.application; includeInIndex = 0; path = LumiApp.app; sourceTree = BUILT_PRODUCTS_DIR; };
/* End PBXFileReference section */

/* Begin PBXFileSystemSynchronizedRootGroup section */
		9C49689C62385D5B5A567478 /* Sources */ = {
			isa = PBXFileSystemSynchronizedRootGroup;
			path = LumiApp/Sources;
			sourceTree = "<group>";
		};
/* End PBXFileSystemSynchronizedRootGroup section */

/* Begin PBXFrameworksBuildPhase section */
		2B43344BAD514BA8286B4BAF /* Frameworks */ = {
			isa = PBXFrameworksBuildPhase;
			buildActionMask = 2147483647;
			files = (
				D355131EF36BF919D8AD9A03 /* LumiDomain in Frameworks */,
				B23D9A1CE4F047F3B67B1A01 /* LumiApplication in Frameworks */,
				DC6BC1312254425B863AD503 /* LumiPresentation in Frameworks */,
				E47B6A2FD8C84F1A9C02E503 /* LumiInfrastructure in Frameworks */,
				A4569A74F03F70DCCBE42FB8 /* LumiUI in Frameworks */,
			);
			runOnlyForDeploymentPostprocessing = 0;
		};
/* End PBXFrameworksBuildPhase section */

/* Begin PBXGroup section */
		B81CAE589C7DFCD0870F781E = {
			isa = PBXGroup;
			children = (
				9C49689C62385D5B5A567478 /* Sources */,
				6E1D0E6223A36E1BBCA0DEF0 /* Products */,
			);
			sourceTree = "<group>";
		};
		6E1D0E6223A36E1BBCA0DEF0 /* Products */ = {
			isa = PBXGroup;
			children = (
				2FCFB5F3A8CE804B4FA0CE6E /* LumiApp.app */,
			);
			name = Products;
			sourceTree = "<group>";
		};
/* End PBXGroup section */

/* Begin PBXNativeTarget section */
		382C760FFA59B52A2522469F /* LumiApp */ = {
			isa = PBXNativeTarget;
			buildConfigurationList = F20EFE9AF0A4A7AE683A6B8E /* Build configuration list for PBXNativeTarget "LumiApp" */;
			buildPhases = (
				C5334D6C98F6D3FBD4F6282A /* Sources */,
				2B43344BAD514BA8286B4BAF /* Frameworks */,
				0748CF14FB2B123BA62A94A8 /* Resources */,
			);
			buildRules = (
			);
			dependencies = (
			);
			fileSystemSynchronizedGroups = (
				9C49689C62385D5B5A567478 /* Sources */,
			);
			name = LumiApp;
			packageProductDependencies = (
				33971DE69E87272953A4E74E /* LumiDomain */,
				9FD1A4E2C93B4C7EA5B6D802 /* LumiApplication */,
				CC45E634027F16005E357178 /* LumiPresentation */,
				6A3F8C1D4E5B4790B2C7D604 /* LumiInfrastructure */,
				1B2A9C8B8430A4A68E2E31A2 /* LumiUI */,
			);
			productName = LumiApp;
			productReference = 2FCFB5F3A8CE804B4FA0CE6E /* LumiApp.app */;
			productType = "com.apple.product-type.application";
		};
/* End PBXNativeTarget section */

/* Begin PBXProject section */
		3E631FBABE0A4FA7E8DFAD0C /* Project object */ = {
			isa = PBXProject;
			attributes = {
				BuildIndependentTargetsInParallel = 1;
				LastSwiftUpdateCheck = 1700;
				LastUpgradeCheck = 1700;
				TargetAttributes = {
					382C760FFA59B52A2522469F = {
						CreatedOnToolsVersion = 17.0;
					};
				};
			};
			buildConfigurationList = 27ACB05AE177621AF4194CB0 /* Build configuration list for PBXProject "LumiApp" */;
			developmentRegion = en;
			hasScannedForEncodings = 0;
			knownRegions = (
				en,
				Base,
			);
			mainGroup = B81CAE589C7DFCD0870F781E;
			minimizedProjectReferenceProxies = 1;
			packageReferences = (
				7FE43E0F0CEDF74480032860 /* XCLocalSwiftPackageReference ".." */,
			);
			preferredProjectObjectVersion = 77;
			productRefGroup = 6E1D0E6223A36E1BBCA0DEF0 /* Products */;
			projectDirPath = "";
			projectRoot = "";
			targets = (
				382C760FFA59B52A2522469F /* LumiApp */,
			);
		};
/* End PBXProject section */

/* Begin PBXResourcesBuildPhase section */
		0748CF14FB2B123BA62A94A8 /* Resources */ = {
			isa = PBXResourcesBuildPhase;
			buildActionMask = 2147483647;
			files = (
			);
			runOnlyForDeploymentPostprocessing = 0;
		};
/* End PBXResourcesBuildPhase section */

/* Begin PBXSourcesBuildPhase section */
		C5334D6C98F6D3FBD4F6282A /* Sources */ = {
			isa = PBXSourcesBuildPhase;
			buildActionMask = 2147483647;
			files = (
			);
			runOnlyForDeploymentPostprocessing = 0;
		};
/* End PBXSourcesBuildPhase section */

/* Begin XCBuildConfiguration section */
		B9B2FEF19F1ACACEFF98C648 /* Debug */ = {
			isa = XCBuildConfiguration;
			buildSettings = {
				ALWAYS_SEARCH_USER_PATHS = NO;
				CLANG_ANALYZER_NONNULL = YES;
				CLANG_ANALYZER_NUMBER_OBJECT_CONVERSION = YES_AGGRESSIVE;
				CLANG_ENABLE_MODULES = YES;
				CLANG_ENABLE_OBJC_ARC = YES;
				CLANG_WARN_BLOCK_CAPTURE_AUTORELEASING = YES;
				CLANG_WARN_BOOL_CONVERSION = YES;
				CLANG_WARN_COMMA = YES;
				CLANG_WARN_CONSTANT_CONVERSION = YES;
				CLANG_WARN_DEPRECATED_OBJC_IMPLEMENTATIONS = YES;
				CLANG_WARN_DIRECT_OBJC_ISA_USAGE = YES_ERROR;
				CLANG_WARN_DOCUMENTATION_COMMENTS = YES;
				CLANG_WARN_EMPTY_BODY = YES;
				CLANG_WARN_ENUM_CONVERSION = YES;
				CLANG_WARN_INFINITE_RECURSION = YES;
				CLANG_WARN_INT_CONVERSION = YES;
				CLANG_WARN_NON_LITERAL_NULL_CONVERSION = YES;
				CLANG_WARN_OBJC_IMPLICIT_RETAIN_SELF = YES;
				CLANG_WARN_OBJC_LITERAL_CONVERSION = YES;
				CLANG_WARN_OBJC_ROOT_CLASS = YES_ERROR;
				CLANG_WARN_QUOTED_INCLUDE_IN_FRAMEWORK_HEADER = YES;
				CLANG_WARN_RANGE_LOOP_ANALYSIS = YES;
				CLANG_WARN_STRICT_PROTOTYPES = YES;
				CLANG_WARN_SUSPICIOUS_MOVE = YES;
				CLANG_WARN_UNGUARDED_AVAILABILITY = YES_AGGRESSIVE;
				CLANG_WARN_UNREACHABLE_CODE = YES;
				CLANG_WARN__DUPLICATE_METHOD_MATCH = YES;
				COPY_PHASE_STRIP = NO;
				DEBUG_INFORMATION_FORMAT = dwarf;
				ENABLE_STRICT_OBJC_MSGSEND = YES;
				ENABLE_TESTABILITY = YES;
				GCC_C_LANGUAGE_STANDARD = gnu17;
				GCC_DYNAMIC_NO_PIC = NO;
				GCC_NO_COMMON_BLOCKS = YES;
				GCC_OPTIMIZATION_LEVEL = 0;
				GCC_PREPROCESSOR_DEFINITIONS = (
					"DEBUG=1",
					"$(inherited)",
				);
				GCC_WARN_64_TO_32_BIT_CONVERSION = YES;
				GCC_WARN_ABOUT_RETURN_TYPE = YES_ERROR;
				GCC_WARN_UNDECLARED_SELECTOR = YES;
				GCC_WARN_UNINITIALIZED_AUTOS = YES_AGGRESSIVE;
				GCC_WARN_UNUSED_FUNCTION = YES;
				GCC_WARN_UNUSED_VARIABLE = YES;
				IPHONEOS_DEPLOYMENT_TARGET = 17.0;
				MTL_ENABLE_DEBUG_INFO = INCLUDE_SOURCE;
				MTL_FAST_MATH = YES;
				ONLY_ACTIVE_ARCH = YES;
				SDKROOT = iphoneos;
				SWIFT_ACTIVE_COMPILATION_CONDITIONS = DEBUG;
				SWIFT_OPTIMIZATION_LEVEL = "-Onone";
			};
			name = Debug;
		};
		3C9750BBBEED076E1A03AC8A /* Release */ = {
			isa = XCBuildConfiguration;
			buildSettings = {
				ALWAYS_SEARCH_USER_PATHS = NO;
				CLANG_ANALYZER_NONNULL = YES;
				CLANG_ANALYZER_NUMBER_OBJECT_CONVERSION = YES_AGGRESSIVE;
				CLANG_ENABLE_MODULES = YES;
				CLANG_ENABLE_OBJC_ARC = YES;
				CLANG_WARN_BLOCK_CAPTURE_AUTORELEASING = YES;
				CLANG_WARN_BOOL_CONVERSION = YES;
				CLANG_WARN_COMMA = YES;
				CLANG_WARN_CONSTANT_CONVERSION = YES;
				CLANG_WARN_DEPRECATED_OBJC_IMPLEMENTATIONS = YES;
				CLANG_WARN_DIRECT_OBJC_ISA_USAGE = YES_ERROR;
				CLANG_WARN_DOCUMENTATION_COMMENTS = YES;
				CLANG_WARN_EMPTY_BODY = YES;
				CLANG_WARN_ENUM_CONVERSION = YES;
				CLANG_WARN_INFINITE_RECURSION = YES;
				CLANG_WARN_INT_CONVERSION = YES;
				CLANG_WARN_NON_LITERAL_NULL_CONVERSION = YES;
				CLANG_WARN_OBJC_IMPLICIT_RETAIN_SELF = YES;
				CLANG_WARN_OBJC_LITERAL_CONVERSION = YES;
				CLANG_WARN_OBJC_ROOT_CLASS = YES_ERROR;
				CLANG_WARN_QUOTED_INCLUDE_IN_FRAMEWORK_HEADER = YES;
				CLANG_WARN_RANGE_LOOP_ANALYSIS = YES;
				CLANG_WARN_STRICT_PROTOTYPES = YES;
				CLANG_WARN_SUSPICIOUS_MOVE = YES;
				CLANG_WARN_UNGUARDED_AVAILABILITY = YES_AGGRESSIVE;
				CLANG_WARN_UNREACHABLE_CODE = YES;
				CLANG_WARN__DUPLICATE_METHOD_MATCH = YES;
				COPY_PHASE_STRIP = NO;
				DEBUG_INFORMATION_FORMAT = "dwarf-with-dsym";
				ENABLE_NS_ASSERTIONS = NO;
				ENABLE_STRICT_OBJC_MSGSEND = YES;
				GCC_C_LANGUAGE_STANDARD = gnu17;
				GCC_NO_COMMON_BLOCKS = YES;
				GCC_WARN_64_TO_32_BIT_CONVERSION = YES;
				GCC_WARN_ABOUT_RETURN_TYPE = YES_ERROR;
				GCC_WARN_UNDECLARED_SELECTOR = YES;
				GCC_WARN_UNINITIALIZED_AUTOS = YES_AGGRESSIVE;
				GCC_WARN_UNUSED_FUNCTION = YES;
				GCC_WARN_UNUSED_VARIABLE = YES;
				IPHONEOS_DEPLOYMENT_TARGET = 17.0;
				MTL_ENABLE_DEBUG_INFO = NO;
				MTL_FAST_MATH = YES;
				SDKROOT = iphoneos;
				SWIFT_COMPILATION_MODE = wholemodule;
				VALIDATE_PRODUCT = YES;
			};
			name = Release;
		};
		0DBF20BC45AC86E5152D8235 /* Debug */ = {
			isa = XCBuildConfiguration;
			buildSettings = {
				ASSETCATALOG_COMPILER_GENERATE_ASSET_SYMBOLS = NO;
				CODE_SIGN_STYLE = Automatic;
				CURRENT_PROJECT_VERSION = 1;
				ENABLE_PREVIEWS = YES;
				GENERATE_INFOPLIST_FILE = YES;
				INFOPLIST_KEY_UIApplicationSceneManifest_Generation = YES;
				INFOPLIST_KEY_UILaunchScreen_Generation = YES;
				INFOPLIST_KEY_UISupportedInterfaceOrientations = "UIInterfaceOrientationPortrait UIInterfaceOrientationLandscapeLeft UIInterfaceOrientationLandscapeRight";
				LD_RUNPATH_SEARCH_PATHS = (
					"$(inherited)",
					"@executable_path/Frameworks",
				);
				MARKETING_VERSION = 1.0;
				PRODUCT_BUNDLE_IDENTIFIER = com.curves.lumi;
				PRODUCT_NAME = "$(TARGET_NAME)";
				SWIFT_EMIT_LOC_STRINGS = YES;
				SWIFT_VERSION = 5.0;
				TARGETED_DEVICE_FAMILY = "1,2";
			};
			name = Debug;
		};
		E34F1C2BBC4356A9D88A9317 /* Release */ = {
			isa = XCBuildConfiguration;
			buildSettings = {
				ASSETCATALOG_COMPILER_GENERATE_ASSET_SYMBOLS = NO;
				CODE_SIGN_STYLE = Automatic;
				CURRENT_PROJECT_VERSION = 1;
				ENABLE_PREVIEWS = YES;
				GENERATE_INFOPLIST_FILE = YES;
				INFOPLIST_KEY_UIApplicationSceneManifest_Generation = YES;
				INFOPLIST_KEY_UILaunchScreen_Generation = YES;
				INFOPLIST_KEY_UISupportedInterfaceOrientations = "UIInterfaceOrientationPortrait UIInterfaceOrientationLandscapeLeft UIInterfaceOrientationLandscapeRight";
				LD_RUNPATH_SEARCH_PATHS = (
					"$(inherited)",
					"@executable_path/Frameworks",
				);
				MARKETING_VERSION = 1.0;
				PRODUCT_BUNDLE_IDENTIFIER = com.curves.lumi;
				PRODUCT_NAME = "$(TARGET_NAME)";
				SWIFT_EMIT_LOC_STRINGS = YES;
				SWIFT_VERSION = 5.0;
				TARGETED_DEVICE_FAMILY = "1,2";
			};
			name = Release;
		};
/* End XCBuildConfiguration section */

/* Begin XCConfigurationList section */
		27ACB05AE177621AF4194CB0 /* Build configuration list for PBXProject "LumiApp" */ = {
			isa = XCConfigurationList;
			buildConfigurations = (
				B9B2FEF19F1ACACEFF98C648 /* Debug */,
				3C9750BBBEED076E1A03AC8A /* Release */,
			);
			defaultConfigurationIsVisible = 0;
			defaultConfigurationName = Release;
		};
		F20EFE9AF0A4A7AE683A6B8E /* Build configuration list for PBXNativeTarget "LumiApp" */ = {
			isa = XCConfigurationList;
			buildConfigurations = (
				0DBF20BC45AC86E5152D8235 /* Debug */,
				E34F1C2BBC4356A9D88A9317 /* Release */,
			);
			defaultConfigurationIsVisible = 0;
			defaultConfigurationName = Release;
		};
/* End XCConfigurationList section */

/* Begin XCLocalSwiftPackageReference section */
		7FE43E0F0CEDF74480032860 /* XCLocalSwiftPackageReference ".." */ = {
			isa = XCLocalSwiftPackageReference;
			relativePath = ..;
		};
/* End XCLocalSwiftPackageReference section */

/* Begin XCSwiftPackageProductDependency section */
		33971DE69E87272953A4E74E /* LumiDomain */ = {
			isa = XCSwiftPackageProductDependency;
			productName = LumiDomain;
		};
		9FD1A4E2C93B4C7EA5B6D802 /* LumiApplication */ = {
			isa = XCSwiftPackageProductDependency;
			productName = LumiApplication;
		};
		CC45E634027F16005E357178 /* LumiPresentation */ = {
			isa = XCSwiftPackageProductDependency;
			productName = LumiPresentation;
		};
		6A3F8C1D4E5B4790B2C7D604 /* LumiInfrastructure */ = {
			isa = XCSwiftPackageProductDependency;
			productName = LumiInfrastructure;
		};
		1B2A9C8B8430A4A68E2E31A2 /* LumiUI */ = {
			isa = XCSwiftPackageProductDependency;
			productName = LumiUI;
		};
/* End XCSwiftPackageProductDependency section */
	};
	rootObject = 3E631FBABE0A4FA7E8DFAD0C /* Project object */;
}
